
Microsoft Visual Studio Solution File, Format Version 12.00
# Visual Studio Version 16
VisualStudioVersion = 16.0.30011.22
MinimumVisualStudioVersion = 10.0.40219.1
Project("{9A19103F-16F7-4668-BE54-9A1E7A4F7556}") = "KAJ.Core", "KAJ.Core.csproj", "{C67692E3-872A-4B9E-99BD-B1A8B844E7B8}"
EndProject
Project("{2150E333-8FDC-42A3-9474-1A3956D46DE8}") = "WebRoot", "WebRoot", "{9E2EEF5A-D39D-49E7-A298-63BFFCC37F81}"
EndProject
Project("{2150E333-8FDC-42A3-9474-1A3956D46DE8}") = "Common", "Common", "{8A8128FD-4734-4F43-9953-7B06D2E5D60A}"
EndProject
Project("{9A19103F-16F7-4668-BE54-9A1E7A4F7556}") = "KAJ.Common", "..\KAJ.Common\KAJ.Common.csproj", "{D5525A6E-4727-4B5E-A831-A8A365846B04}"
EndProject
Project("{2150E333-8FDC-42A3-9474-1A3956D46DE8}") = "Services", "Services", "{9A271093-76F6-4E09-BC77-ACF4A2FDAE95}"
EndProject
Project("{2150E333-8FDC-42A3-9474-1A3956D46DE8}") = "Repository", "Repository", "{90B34786-0137-4ABC-9543-541EED202F02}"
EndProject
Project("{2150E333-8FDC-42A3-9474-1A3956D46DE8}") = "Model", "Model", "{8B4B43E0-60B1-4178-A958-8EB01C2EAC7E}"
EndProject
Project("{2150E333-8FDC-42A3-9474-1A3956D46DE8}") = "FrameWork", "FrameWork", "{58FFBBE6-A6A0-466C-9763-F3D646CF0D25}"
EndProject
Global
	GlobalSection(SolutionConfigurationPlatforms) = preSolution
		Debug|Any CPU = Debug|Any CPU
		Release|Any CPU = Release|Any CPU
	EndGlobalSection
	GlobalSection(ProjectConfigurationPlatforms) = postSolution
		{C67692E3-872A-4B9E-99BD-B1A8B844E7B8}.Debug|Any CPU.ActiveCfg = Debug|Any CPU
		{C67692E3-872A-4B9E-99BD-B1A8B844E7B8}.Debug|Any CPU.Build.0 = Debug|Any CPU
		{C67692E3-872A-4B9E-99BD-B1A8B844E7B8}.Release|Any CPU.ActiveCfg = Release|Any CPU
		{C67692E3-872A-4B9E-99BD-B1A8B844E7B8}.Release|Any CPU.Build.0 = Release|Any CPU
		{D5525A6E-4727-4B5E-A831-A8A365846B04}.Debug|Any CPU.ActiveCfg = Debug|Any CPU
		{D5525A6E-4727-4B5E-A831-A8A365846B04}.Debug|Any CPU.Build.0 = Debug|Any CPU
		{D5525A6E-4727-4B5E-A831-A8A365846B04}.Release|Any CPU.ActiveCfg = Release|Any CPU
		{D5525A6E-4727-4B5E-A831-A8A365846B04}.Release|Any CPU.Build.0 = Release|Any CPU
	EndGlobalSection
	GlobalSection(SolutionProperties) = preSolution
		HideSolutionNode = FALSE
	EndGlobalSection
	GlobalSection(NestedProjects) = preSolution
		{C67692E3-872A-4B9E-99BD-B1A8B844E7B8} = {9E2EEF5A-D39D-49E7-A298-63BFFCC37F81}
		{D5525A6E-4727-4B5E-A831-A8A365846B04} = {8A8128FD-4734-4F43-9953-7B06D2E5D60A}
	EndGlobalSection
	GlobalSection(ExtensibilityGlobals) = postSolution
		SolutionGuid = {893C66C0-97C8-47AF-B6A3-D11A164E7D89}
	EndGlobalSection
EndGlobal
